
Microsoft Visual Studio Solution File, Format Version 12.00
# Visual Studio Version 16
VisualStudioVersion = 16.0.30320.27
MinimumVisualStudioVersion = 10.0.40219.1
Project("{FAE04EC0-301F-11D3-BF4B-00C04F79EFBC}") = "eShopSolution.WebApp", "eShopSolution.WebApp\eShopSolution.WebApp.csproj", "{B4468C3D-F525-42CE-8BC9-6B3F79D8398C}"
EndProject
Project("{2150E333-8FDC-42A3-9474-1A3956D46DE8}") = "Solution Items", "Solution Items", "{EF7EB93D-7DB2-4928-80E2-01FCD249B754}"
	ProjectSection(SolutionItems) = preProject
		README.md = README.md
	EndProjectSection
EndProject
Project("{FAE04EC0-301F-11D3-BF4B-00C04F79EFBC}") = "eShopSolution.Data", "eShopSolution.Data\eShopSolution.Data.csproj", "{0CA9D58B-085A-4B3B-AF31-5235E91D527C}"
EndProject
Project("{FAE04EC0-301F-11D3-BF4B-00C04F79EFBC}") = "eShopSolution.Application", "eShopSolution.Application\eShopSolution.Application.csproj", "{9898F8AE-AAE9-4638-AEAC-9F80CE881CAA}"
EndProject
Global
	GlobalSection(SolutionConfigurationPlatforms) = preSolution
		Debug|Any CPU = Debug|Any CPU
		Release|Any CPU = Release|Any CPU
	EndGlobalSection
	GlobalSection(ProjectConfigurationPlatforms) = postSolution
		{B4468C3D-F525-42CE-8BC9-6B3F79D8398C}.Debug|Any CPU.ActiveCfg = Debug|Any CPU
		{B4468C3D-F525-42CE-8BC9-6B3F79D8398C}.Debug|Any CPU.Build.0 = Debug|Any CPU
		{B4468C3D-F525-42CE-8BC9-6B3F79D8398C}.Release|Any CPU.ActiveCfg = Release|Any CPU
		{B4468C3D-F525-42CE-8BC9-6B3F79D8398C}.Release|Any CPU.Build.0 = Release|Any CPU
		{0CA9D58B-085A-4B3B-AF31-5235E91D527C}.Debug|Any CPU.ActiveCfg = Debug|Any CPU
		{0CA9D58B-085A-4B3B-AF31-5235E91D527C}.Debug|Any CPU.Build.0 = Debug|Any CPU
		{0CA9D58B-085A-4B3B-AF31-5235E91D527C}.Release|Any CPU.ActiveCfg = Release|Any CPU
		{0CA9D58B-085A-4B3B-AF31-5235E91D527C}.Release|Any CPU.Build.0 = Release|Any CPU
		{9898F8AE-AAE9-4638-AEAC-9F80CE881CAA}.Debug|Any CPU.ActiveCfg = Debug|Any CPU
		{9898F8AE-AAE9-4638-AEAC-9F80CE881CAA}.Debug|Any CPU.Build.0 = Debug|Any CPU
		{9898F8AE-AAE9-4638-AEAC-9F80CE881CAA}.Release|Any CPU.ActiveCfg = Release|Any CPU
		{9898F8AE-AAE9-4638-AEAC-9F80CE881CAA}.Release|Any CPU.Build.0 = Release|Any CPU
	EndGlobalSection
	GlobalSection(SolutionProperties) = preSolution
		HideSolutionNode = FALSE
	EndGlobalSection
	GlobalSection(ExtensibilityGlobals) = postSolution
		SolutionGuid = {45359304-6D09-4D7D-950B-CF93D13A1A24}
	EndGlobalSection
EndGlobal
